
Microsoft Visual Studio Solution File, Format Version 12.00
# Visual Studio 15
VisualStudioVersion = 15.0.28010.2050
MinimumVisualStudioVersion = 10.0.40219.1
Project("{FAE04EC0-301F-11D3-BF4B-00C04F79EFBC}") = "CoffeeShopWebApp", "CoffeeShopWebApp\CoffeeShopWebApp.csproj", "{3FBE9F69-4EDA-463D-A06F-44A183407FD1}"
EndProject
Global
	GlobalSection(SolutionConfigurationPlatforms) = preSolution
		Debug|Any CPU = Debug|Any CPU
		Release|Any CPU = Release|Any CPU
	EndGlobalSection
	GlobalSection(ProjectConfigurationPlatforms) = postSolution
		{3FBE9F69-4EDA-463D-A06F-44A183407FD1}.Debug|Any CPU.ActiveCfg = Debug|Any CPU
		{3FBE9F69-4EDA-463D-A06F-44A183407FD1}.Debug|Any CPU.Build.0 = Debug|Any CPU
		{3FBE9F69-4EDA-463D-A06F-44A183407FD1}.Release|Any CPU.ActiveCfg = Release|Any CPU
		{3FBE9F69-4EDA-463D-A06F-44A183407FD1}.Release|Any CPU.Build.0 = Release|Any CPU
	EndGlobalSection
	GlobalSection(SolutionProperties) = preSolution
		HideSolutionNode = FALSE
	EndGlobalSection
	GlobalSection(ExtensibilityGlobals) = postSolution
		SolutionGuid = {C83316DB-C424-4286-B6D1-3B8D847FD42B}
	EndGlobalSection
EndGlobal
